
Microsoft Visual Studio Solution File, Format Version 12.00
# Visual Studio Version 17
VisualStudioVersion = 17.7.34031.279
MinimumVisualStudioVersion = 10.0.40219.1
Project("{FAE04EC0-301F-11D3-BF4B-00C04F79EFBC}") = "ovening 3", "ovening 3.csproj", "{0ED11DF4-4D0E-4D1A-BB98-DBC5734302D3}"
EndProject
Global
	GlobalSection(SolutionConfigurationPlatforms) = preSolution
		Debug|Any CPU = Debug|Any CPU
		Release|Any CPU = Release|Any CPU
	EndGlobalSection
	GlobalSection(ProjectConfigurationPlatforms) = postSolution
		{0ED11DF4-4D0E-4D1A-BB98-DBC5734302D3}.Debug|Any CPU.ActiveCfg = Debug|Any CPU
		{0ED11DF4-4D0E-4D1A-BB98-DBC5734302D3}.Debug|Any CPU.Build.0 = Debug|Any CPU
		{0ED11DF4-4D0E-4D1A-BB98-DBC5734302D3}.Release|Any CPU.ActiveCfg = Release|Any CPU
		{0ED11DF4-4D0E-4D1A-BB98-DBC5734302D3}.Release|Any CPU.Build.0 = Release|Any CPU
	EndGlobalSection
	GlobalSection(SolutionProperties) = preSolution
		HideSolutionNode = FALSE
	EndGlobalSection
	GlobalSection(ExtensibilityGlobals) = postSolution
		SolutionGuid = {10987E86-D5FC-43F9-AEEC-CCCBFFD5E000}
	EndGlobalSection
EndGlobal
